
Microsoft Visual Studio Solution File, Format Version 12.00
# Visual Studio 15
VisualStudioVersion = 15.0.27428.2037
MinimumVisualStudioVersion = 10.0.40219.1
Project("{FAE04EC0-301F-11D3-BF4B-00C04F79EFBC}") = "WindowsFormsApp1", "WindowsFormsApp1\WindowsFormsApp1.csproj", "{D646604B-3480-4CF0-9C24-32A67753EFE1}"
EndProject
Global
	GlobalSection(SolutionConfigurationPlatforms) = preSolution
		Debug|Any CPU = Debug|Any CPU
		Release|Any CPU = Release|Any CPU
	EndGlobalSection
	GlobalSection(ProjectConfigurationPlatforms) = postSolution
		{D646604B-3480-4CF0-9C24-32A67753EFE1}.Debug|Any CPU.ActiveCfg = Debug|Any CPU
		{D646604B-3480-4CF0-9C24-32A67753EFE1}.Debug|Any CPU.Build.0 = Debug|Any CPU
		{D646604B-3480-4CF0-9C24-32A67753EFE1}.Release|Any CPU.ActiveCfg = Release|Any CPU
		{D646604B-3480-4CF0-9C24-32A67753EFE1}.Release|Any CPU.Build.0 = Release|Any CPU
	EndGlobalSection
	GlobalSection(SolutionProperties) = preSolution
		HideSolutionNode = FALSE
	EndGlobalSection
	GlobalSection(ExtensibilityGlobals) = postSolution
		SolutionGuid = {6FD97057-B9F2-4165-A157-211F789A69E2}
	EndGlobalSection
EndGlobal
